
Microsoft Visual Studio Solution File, Format Version 12.00
# Visual Studio Version 17
VisualStudioVersion = 17.9.34902.65
MinimumVisualStudioVersion = 10.0.40219.1
Project("{FAE04EC0-301F-11D3-BF4B-00C04F79EFBC}") = "HubApplication", "HubApplication\HubApplication.csproj", "{EE047D45-BDE1-4C9E-A9BF-BC7D47F2AAEC}"
EndProject
Global
	GlobalSection(SolutionConfigurationPlatforms) = preSolution
		Debug|Any CPU = Debug|Any CPU
		Release|Any CPU = Release|Any CPU
	EndGlobalSection
	GlobalSection(ProjectConfigurationPlatforms) = postSolution
		{EE047D45-BDE1-4C9E-A9BF-BC7D47F2AAEC}.Debug|Any CPU.ActiveCfg = Debug|Any CPU
		{EE047D45-BDE1-4C9E-A9BF-BC7D47F2AAEC}.Debug|Any CPU.Build.0 = Debug|Any CPU
		{EE047D45-BDE1-4C9E-A9BF-BC7D47F2AAEC}.Release|Any CPU.ActiveCfg = Release|Any CPU
		{EE047D45-BDE1-4C9E-A9BF-BC7D47F2AAEC}.Release|Any CPU.Build.0 = Release|Any CPU
	EndGlobalSection
	GlobalSection(SolutionProperties) = preSolution
		HideSolutionNode = FALSE
	EndGlobalSection
	GlobalSection(ExtensibilityGlobals) = postSolution
		SolutionGuid = {F6B0794C-F8E3-406E-9B35-F218F2DE6337}
	EndGlobalSection
EndGlobal
